// !$*UTF8*$!
{
	archiveVersion = 1;
	classes = {
	};
	objectVersion = 46;
	objects = {

/* Begin PBXBuildFile section */
		5A3E9C3E1B687C8E007244AA /* AppDelegate.swift in Sources */ = {isa = PBXBuildFile; fileRef = 5A3E9C3D1B687C8E007244AA /* AppDelegate.swift */; };
		5A3E9C411B687C8E007244AA /* delegation_example_ios.xcdatamodeld in Sources */ = {isa = PBXBuildFile; fileRef = 5A3E9C3F1B687C8E007244AA /* delegation_example_ios.xcdatamodeld */; };
		5A3E9C431B687C8E007244AA /* ViewController.swift in Sources */ = {isa = PBXBuildFile; fileRef = 5A3E9C421B687C8E007244AA /* ViewController.swift */; };
		5A3E9C461B687C8E007244AA /* Main.storyboard in Resources */ = {isa = PBXBuildFile; fileRef = 5A3E9C441B687C8E007244AA /* Main.storyboard */; };
		5A3E9C481B687C8E007244AA /* Images.xcassets in Resources */ = {isa = PBXBuildFile; fileRef = 5A3E9C471B687C8E007244AA /* Images.xcassets */; };
		5A3E9C4B1B687C8E007244AA /* LaunchScreen.xib in Resources */ = {isa = PBXBuildFile; fileRef = 5A3E9C491B687C8E007244AA /* LaunchScreen.xib */; };
		5A3E9C571B687C8E007244AA /* delegation_example_iosTests.swift in Sources */ = {isa = PBXBuildFile; fileRef = 5A3E9C561B687C8E007244AA /* delegation_example_iosTests.swift */; };
		5A3E9C611B687CAB007244AA /* ViewControllerTwo.swift in Sources */ = {isa = PBXBuildFile; fileRef = 5A3E9C601B687CAB007244AA /* ViewControllerTwo.swift */; };
/* End PBXBuildFile section */

/* Begin PBXContainerItemProxy section */
		5A3E9C511B687C8E007244AA /* PBXContainerItemProxy */ = {
			isa = PBXContainerItemProxy;
			containerPortal = 5A3E9C301B687C8E007244AA /* Project object */;
			proxyType = 1;
			remoteGlobalIDString = 5A3E9C371B687C8E007244AA;
			remoteInfo = "delegation-example-ios";
		};
/* End PBXContainerItemProxy section */

/* Begin PBXFileReference section */
		5A3E9C381B687C8E007244AA /* delegation-example-ios.app */ = {isa = PBXFileReference; explicitFileType = wrapper.application; includeInIndex = 0; path = "delegation-example-ios.app"; sourceTree = BUILT_PRODUCTS_DIR; };
		5A3E9C3C1B687C8E007244AA /* Info.plist */ = {isa = PBXFileReference; lastKnownFileType = text.plist.xml; path = Info.plist; sourceTree = "<group>"; };
		5A3E9C3D1B687C8E007244AA /* AppDelegate.swift */ = {isa = PBXFileReference; lastKnownFileType = sourcecode.swift; path = AppDelegate.swift; sourceTree = "<group>"; };
		5A3E9C401B687C8E007244AA /* delegation_example_ios.xcdatamodel */ = {isa = PBXFileReference; lastKnownFileType = wrapper.xcdatamodel; path = delegation_example_ios.xcdatamodel; sourceTree = "<group>"; };
		5A3E9C421B687C8E007244AA /* ViewController.swift */ = {isa = PBXFileReference; lastKnownFileType = sourcecode.swift; path = ViewController.swift; sourceTree = "<group>"; };
		5A3E9C451B687C8E007244AA /* Base */ = {isa = PBXFileReference; lastKnownFileType = file.storyboard; name = Base; path = Base.lproj/Main.storyboard; sourceTree = "<group>"; };
		5A3E9C471B687C8E007244AA /* Images.xcassets */ = {isa = PBXFileReference; lastKnownFileType = folder.assetcatalog; path = Images.xcassets; sourceTree = "<group>"; };
		5A3E9C4A1B687C8E007244AA /* Base */ = {isa = PBXFileReference; lastKnownFileType = file.xib; name = Base; path = Base.lproj/LaunchScreen.xib; sourceTree = "<group>"; };
		5A3E9C501B687C8E007244AA /* delegation-example-iosTests.xctest */ = {isa = PBXFileReference; explicitFileType = wrapper.cfbundle; includeInIndex = 0; path = "delegation-example-iosTests.xctest"; sourceTree = BUILT_PRODUCTS_DIR; };
		5A3E9C551B687C8E007244AA /* Info.plist */ = {isa = PBXFileReference; lastKnownFileType = text.plist.xml; path = Info.plist; sourceTree = "<group>"; };
		5A3E9C561B687C8E007244AA /* delegation_example_iosTests.swift */ = {isa = PBXFileReference; lastKnownFileType = sourcecode.swift; path = delegation_example_iosTests.swift; sourceTree = "<group>"; };
		5A3E9C601B687CAB007244AA /* ViewControllerTwo.swift */ = {isa = PBXFileReference; fileEncoding = 4; lastKnownFileType = sourcecode.swift; path = ViewControllerTwo.swift; sourceTree = "<group>"; };
		5A3E9C621B6CA557007244AA /* data-structures-and-algorithms.playground */ = {isa = PBXFileReference; lastKnownFileType = file.playground; path = "data-structures-and-algorithms.playground"; sourceTree = "<group>"; };
/* End PBXFileReference section */

/* Begin PBXFrameworksBuildPhase section */
		5A3E9C351B687C8E007244AA /* Frameworks */ = {
			isa = PBXFrameworksBuildPhase;
			buildActionMask = 2147483647;
			files = (
			);
			runOnlyForDeploymentPostprocessing = 0;
		};
		5A3E9C4D1B687C8E007244AA /* Frameworks */ = {
			isa = PBXFrameworksBuildPhase;
			buildActionMask = 2147483647;
			files = (
			);
			runOnlyForDeploymentPostprocessing = 0;
		};
/* End PBXFrameworksBuildPhase section */

/* Begin PBXGroup section */
		5A3E9C2F1B687C8E007244AA = {
			isa = PBXGroup;
			children = (
				5A3E9C3A1B687C8E007244AA /* delegation-example-ios */,
				5A3E9C531B687C8E007244AA /* delegation-example-iosTests */,
				5A3E9C391B687C8E007244AA /* Products */,
			);
			sourceTree = "<group>";
		};
		5A3E9C391B687C8E007244AA /* Products */ = {
			isa = PBXGroup;
			children = (
				5A3E9C381B687C8E007244AA /* delegation-example-ios.app */,
				5A3E9C501B687C8E007244AA /* delegation-example-iosTests.xctest */,
			);
			name = Products;
			sourceTree = "<group>";
		};
		5A3E9C3A1B687C8E007244AA /* delegation-example-ios */ = {
			isa = PBXGroup;
			children = (
				5A3E9C3D1B687C8E007244AA /* AppDelegate.swift */,
				5A3E9C421B687C8E007244AA /* ViewController.swift */,
				5A3E9C601B687CAB007244AA /* ViewControllerTwo.swift */,
				5A3E9C441B687C8E007244AA /* Main.storyboard */,
				5A3E9C471B687C8E007244AA /* Images.xcassets */,
				5A3E9C491B687C8E007244AA /* LaunchScreen.xib */,
				5A3E9C3F1B687C8E007244AA /* delegation_example_ios.xcdatamodeld */,
				5A3E9C3B1B687C8E007244AA /* Supporting Files */,
				5A3E9C621B6CA557007244AA /* data-structures-and-algorithms.playground */,
			);
			path = "delegation-example-ios";
			sourceTree = "<group>";
		};
		5A3E9C3B1B687C8E007244AA /* Supporting Files */ = {
			isa = PBXGroup;
			children = (
				5A3E9C3C1B687C8E007244AA /* Info.plist */,
			);
			name = "Supporting Files";
			sourceTree = "<group>";
		};
		5A3E9C531B687C8E007244AA /* delegation-example-iosTests */ = {
			isa = PBXGroup;
			children = (
				5A3E9C561B687C8E007244AA /* delegation_example_iosTests.swift */,
				5A3E9C541B687C8E007244AA /* Supporting Files */,
			);
			path = "delegation-example-iosTests";
			sourceTree = "<group>";
		};
		5A3E9C541B687C8E007244AA /* Supporting Files */ = {
			isa = PBXGroup;
			children = (
				5A3E9C551B687C8E007244AA /* Info.plist */,
			);
			name = "Supporting Files";
			sourceTree = "<group>";
		};
/* End PBXGroup section */

/* Begin PBXNativeTarget section */
		5A3E9C371B687C8E007244AA /* delegation-example-ios */ = {
			isa = PBXNativeTarget;
			buildConfigurationList = 5A3E9C5A1B687C8E007244AA /* Build configuration list for PBXNativeTarget "delegation-example-ios" */;
			buildPhases = (
				5A3E9C341B687C8E007244AA /* Sources */,
				5A3E9C351B687C8E007244AA /* Frameworks */,
				5A3E9C361B687C8E007244AA /* Resources */,
			);
			buildRules = (
			);
			dependencies = (
			);
			name = "delegation-example-ios";
			productName = "delegation-example-ios";
			productReference = 5A3E9C381B687C8E007244AA /* delegation-example-ios.app */;
			productType = "com.apple.product-type.application";
		};
		5A3E9C4F1B687C8E007244AA /* delegation-example-iosTests */ = {
			isa = PBXNativeTarget;
			buildConfigurationList = 5A3E9C5D1B687C8E007244AA /* Build configuration list for PBXNativeTarget "delegation-example-iosTests" */;
			buildPhases = (
				5A3E9C4C1B687C8E007244AA /* Sources */,
				5A3E9C4D1B687C8E007244AA /* Frameworks */,
				5A3E9C4E1B687C8E007244AA /* Resources */,
			);
			buildRules = (
			);
			dependencies = (
				5A3E9C521B687C8E007244AA /* PBXTargetDependency */,
			);
			name = "delegation-example-iosTests";
			productName = "delegation-example-iosTests";
			productReference = 5A3E9C501B687C8E007244AA /* delegation-example-iosTests.xctest */;
			productType = "com.apple.product-type.bundle.unit-test";
		};
/* End PBXNativeTarget section */

/* Begin PBXProject section */
		5A3E9C301B687C8E007244AA /* Project object */ = {
			isa = PBXProject;
			attributes = {
				LastUpgradeCheck = 0630;
				ORGANIZATIONNAME = "Byrdann Fox";
				TargetAttributes = {
					5A3E9C371B687C8E007244AA = {
						CreatedOnToolsVersion = 6.3.2;
					};
					5A3E9C4F1B687C8E007244AA = {
						CreatedOnToolsVersion = 6.3.2;
						TestTargetID = 5A3E9C371B687C8E007244AA;
					};
				};
			};
			buildConfigurationList = 5A3E9C331B687C8E007244AA /* Build configuration list for PBXProject "delegation-example-ios" */;
			compatibilityVersion = "Xcode 3.2";
			developmentRegion = English;
			hasScannedForEncodings = 0;
			knownRegions = (
				en,
				Base,
			);
			mainGroup = 5A3E9C2F1B687C8E007244AA;
			productRefGroup = 5A3E9C391B687C8E007244AA /* Products */;
			projectDirPath = "";
			projectRoot = "";
			targets = (
				5A3E9C371B687C8E007244AA /* delegation-example-ios */,
				5A3E9C4F1B687C8E007244AA /* delegation-example-iosTests */,
			);
		};
/* End PBXProject section */

/* Begin PBXResourcesBuildPhase section */
		5A3E9C361B687C8E007244AA /* Resources */ = {
			isa = PBXResourcesBuildPhase;
			buildActionMask = 2147483647;
			files = (
				5A3E9C461B687C8E007244AA /* Main.storyboard in Resources */,
				5A3E9C4B1B687C8E007244AA /* LaunchScreen.xib in Resources */,
				5A3E9C481B687C8E007244AA /* Images.xcassets in Resources */,
			);
			runOnlyForDeploymentPostprocessing = 0;
		};
		5A3E9C4E1B687C8E007244AA /* Resources */ = {
			isa = PBXResourcesBuildPhase;
			buildActionMask = 2147483647;
			files = (
			);
			runOnlyForDeploymentPostprocessing = 0;
		};
/* End PBXResourcesBuildPhase section */

/* Begin PBXSourcesBuildPhase section */
		5A3E9C341B687C8E007244AA /* Sources */ = {
			isa = PBXSourcesBuildPhase;
			buildActionMask = 2147483647;
			files = (
				5A3E9C431B687C8E007244AA /* ViewController.swift in Sources */,
				5A3E9C411B687C8E007244AA /* delegation_example_ios.xcdatamodeld in Sources */,
				5A3E9C3E1B687C8E007244AA /* AppDelegate.swift in Sources */,
				5A3E9C611B687CAB007244AA /* ViewControllerTwo.swift in Sources */,
			);
			runOnlyForDeploymentPostprocessing = 0;
		};
		5A3E9C4C1B687C8E007244AA /* Sources */ = {
			isa = PBXSourcesBuildPhase;
			buildActionMask = 2147483647;
			files = (
				5A3E9C571B687C8E007244AA /* delegation_example_iosTests.swift in Sources */,
			);
			runOnlyForDeploymentPostprocessing = 0;
		};
/* End PBXSourcesBuildPhase section */

/* Begin PBXTargetDependency section */
		5A3E9C521B687C8E007244AA /* PBXTargetDependency */ = {
			isa = PBXTargetDependency;
			target = 5A3E9C371B687C8E007244AA /* delegation-example-ios */;
			targetProxy = 5A3E9C511B687C8E007244AA /* PBXContainerItemProxy */;
		};
/* End PBXTargetDependency section */

/* Begin PBXVariantGroup section */
		5A3E9C441B687C8E007244AA /* Main.storyboard */ = {
			isa = PBXVariantGroup;
			children = (
				5A3E9C451B687C8E007244AA /* Base */,
			);
			name = Main.storyboard;
			sourceTree = "<group>";
		};
		5A3E9C491B687C8E007244AA /* LaunchScreen.xib */ = {
			isa = PBXVariantGroup;
			children = (
				5A3E9C4A1B687C8E007244AA /* Base */,
			);
			name = LaunchScreen.xib;
			sourceTree = "<group>";
		};
/* End PBXVariantGroup section */

/* Begin XCBuildConfiguration section */
		5A3E9C581B687C8E007244AA /* Debug */ = {
			isa = XCBuildConfiguration;
			buildSettings = {
				ALWAYS_SEARCH_USER_PATHS = NO;
				CLANG_CXX_LANGUAGE_STANDARD = "gnu++0x";
				CLANG_CXX_LIBRARY = "libc++";
				CLANG_ENABLE_MODULES = YES;
				CLANG_ENABLE_OBJC_ARC = YES;
				CLANG_WARN_BOOL_CONVERSION = YES;
				CLANG_WARN_CONSTANT_CONVERSION = YES;
				CLANG_WARN_DIRECT_OBJC_ISA_USAGE = YES_ERROR;
				CLANG_WARN_EMPTY_BODY = YES;
				CLANG_WARN_ENUM_CONVERSION = YES;
				CLANG_WARN_INT_CONVERSION = YES;
				CLANG_WARN_OBJC_ROOT_CLASS = YES_ERROR;
				CLANG_WARN_UNREACHABLE_CODE = YES;
				CLANG_WARN__DUPLICATE_METHOD_MATCH = YES;
				"CODE_SIGN_IDENTITY[sdk=iphoneos*]" = "iPhone Developer";
				COPY_PHASE_STRIP = NO;
				DEBUG_INFORMATION_FORMAT = "dwarf-with-dsym";
				ENABLE_STRICT_OBJC_MSGSEND = YES;
				GCC_C_LANGUAGE_STANDARD = gnu99;
				GCC_DYNAMIC_NO_PIC = NO;
				GCC_NO_COMMON_BLOCKS = YES;
				GCC_OPTIMIZATION_LEVEL = 0;
				GCC_PREPROCESSOR_DEFINITIONS = (
					"DEBUG=1",
					"$(inherited)",
				);
				GCC_SYMBOLS_PRIVATE_EXTERN = NO;
				GCC_WARN_64_TO_32_BIT_CONVERSION = YES;
				GCC_WARN_ABOUT_RETURN_TYPE = YES_ERROR;
				GCC_WARN_UNDECLARED_SELECTOR = YES;
				GCC_WARN_UNINITIALIZED_AUTOS = YES_AGGRESSIVE;
				GCC_WARN_UNUSED_FUNCTION = YES;
				GCC_WARN_UNUSED_VARIABLE = YES;
				IPHONEOS_DEPLOYMENT_TARGET = 8.3;
				MTL_ENABLE_DEBUG_INFO = YES;
				ONLY_ACTIVE_ARCH = YES;
				SDKROOT = iphoneos;
				SWIFT_OPTIMIZATION_LEVEL = "-Onone";
				TARGETED_DEVICE_FAMILY = "1,2";
			};
			name = Debug;
		};
		5A3E9C591B687C8E007244AA /* Release */ = {
			isa = XCBuildConfiguration;
			buildSettings = {
				ALWAYS_SEARCH_USER_PATHS = NO;
				CLANG_CXX_LANGUAGE_STANDARD = "gnu++0x";
				CLANG_CXX_LIBRARY = "libc++";
				CLANG_ENABLE_MODULES = YES;
				CLANG_ENABLE_OBJC_ARC = YES;
				CLANG_WARN_BOOL_CONVERSION = YES;
				CLANG_WARN_CONSTANT_CONVERSION = YES;
				CLANG_WARN_DIRECT_OBJC_ISA_USAGE = YES_ERROR;
				CLANG_WARN_EMPTY_BODY = YES;
				CLANG_WARN_ENUM_CONVERSION = YES;
				CLANG_WARN_INT_CONVERSION = YES;
				CLANG_WARN_OBJC_ROOT_CLASS = YES_ERROR;
				CLANG_WARN_UNREACHABLE_CODE = YES;
				CLANG_WARN__DUPLICATE_METHOD_MATCH = YES;
				"CODE_SIGN_IDENTITY[sdk=iphoneos*]" = "iPhone Developer";
				COPY_PHASE_STRIP = NO;
				DEBUG_INFORMATION_FORMAT = "dwarf-with-dsym";
				ENABLE_NS_ASSERTIONS = NO;
				ENABLE_STRICT_OBJC_MSGSEND = YES;
				GCC_C_LANGUAGE_STANDARD = gnu99;
				GCC_NO_COMMON_BLOCKS = YES;
				GCC_WARN_64_TO_32_BIT_CONVERSION = YES;
				GCC_WARN_ABOUT_RETURN_TYPE = YES_ERROR;
				GCC_WARN_UNDECLARED_SELECTOR = YES;
				GCC_WARN_UNINITIALIZED_AUTOS = YES_AGGRESSIVE;
				GCC_WARN_UNUSED_FUNCTION = YES;
				GCC_WARN_UNUSED_VARIABLE = YES;
				IPHONEOS_DEPLOYMENT_TARGET = 8.3;
				MTL_ENABLE_DEBUG_INFO = NO;
				SDKROOT = iphoneos;
				TARGETED_DEVICE_FAMILY = "1,2";
				VALIDATE_PRODUCT = YES;
			};
			name = Release;
		};
		5A3E9C5B1B687C8E007244AA /* Debug */ = {
			isa = XCBuildConfiguration;
			buildSettings = {
				ASSETCATALOG_COMPILER_APPICON_NAME = AppIcon;
				INFOPLIST_FILE = "delegation-example-ios/Info.plist";
				LD_RUNPATH_SEARCH_PATHS = "$(inherited) @executable_path/Frameworks";
				PRODUCT_NAME = "$(TARGET_NAME)";
				TARGETED_DEVICE_FAMILY = 1;
			};
			name = Debug;
		};
		5A3E9C5C1B687C8E007244AA /* Release */ = {
			isa = XCBuildConfiguration;
			buildSettings = {
				ASSETCATALOG_COMPILER_APPICON_NAME = AppIcon;
				INFOPLIST_FILE = "delegation-example-ios/Info.plist";
				LD_RUNPATH_SEARCH_PATHS = "$(inherited) @executable_path/Frameworks";
				PRODUCT_NAME = "$(TARGET_NAME)";
				TARGETED_DEVICE_FAMILY = 1;
			};
			name = Release;
		};
		5A3E9C5E1B687C8E007244AA /* Debug */ = {
			isa = XCBuildConfiguration;
			buildSettings = {
				BUNDLE_LOADER = "$(TEST_HOST)";
				FRAMEWORK_SEARCH_PATHS = (
					"$(SDKROOT)/Developer/Library/Frameworks",
					"$(inherited)",
				);
				GCC_PREPROCESSOR_DEFINITIONS = (
					"DEBUG=1",
					"$(inherited)",
				);
				INFOPLIST_FILE = "delegation-example-iosTests/Info.plist";
				LD_RUNPATH_SEARCH_PATHS = "$(inherited) @executable_path/Frameworks @loader_path/Frameworks";
				PRODUCT_NAME = "$(TARGET_NAME)";
				TEST_HOST = "$(BUILT_PRODUCTS_DIR)/delegation-example-ios.app/delegation-example-ios";
			};
			name = Debug;
		};
		5A3E9C5F1B687C8E007244AA /* Release */ = {
			isa = XCBuildConfiguration;
			buildSettings = {
				BUNDLE_LOADER = "$(TEST_HOST)";
				FRAMEWORK_SEARCH_PATHS = (
					"$(SDKROOT)/Developer/Library/Frameworks",
					"$(inherited)",
				);
				INFOPLIST_FILE = "delegation-example-iosTests/Info.plist";
				LD_RUNPATH_SEARCH_PATHS = "$(inherited) @executable_path/Frameworks @loader_path/Frameworks";
				PRODUCT_NAME = "$(TARGET_NAME)";
				TEST_HOST = "$(BUILT_PRODUCTS_DIR)/delegation-example-ios.app/delegation-example-ios";
			};
			name = Release;
		};
/* End XCBuildConfiguration section */

/* Begin XCConfigurationList section */
		5A3E9C331B687C8E007244AA /* Build configuration list for PBXProject "delegation-example-ios" */ = {
			isa = XCConfigurationList;
			buildConfigurations = (
				5A3E9C581B687C8E007244AA /* Debug */,
				5A3E9C591B687C8E007244AA /* Release */,
			);
			defaultConfigurationIsVisible = 0;
			defaultConfigurationName = Release;
		};
		5A3E9C5A1B687C8E007244AA /* Build configuration list for PBXNativeTarget "delegation-example-ios" */ = {
			isa = XCConfigurationList;
			buildConfigurations = (
				5A3E9C5B1B687C8E007244AA /* Debug */,
				5A3E9C5C1B687C8E007244AA /* Release */,
			);
			defaultConfigurationIsVisible = 0;
		};
		5A3E9C5D1B687C8E007244AA /* Build configuration list for PBXNativeTarget "delegation-example-iosTests" */ = {
			isa = XCConfigurationList;
			buildConfigurations = (
				5A3E9C5E1B687C8E007244AA /* Debug */,
				5A3E9C5F1B687C8E007244AA /* Release */,
			);
			defaultConfigurationIsVisible = 0;
		};
/* End XCConfigurationList section */

/* Begin XCVersionGroup section */
		5A3E9C3F1B687C8E007244AA /* delegation_example_ios.xcdatamodeld */ = {
			isa = XCVersionGroup;
			children = (
				5A3E9C401B687C8E007244AA /* delegation_example_ios.xcdatamodel */,
			);
			currentVersion = 5A3E9C401B687C8E007244AA /* delegation_example_ios.xcdatamodel */;
			path = delegation_example_ios.xcdatamodeld;
			sourceTree = "<group>";
			versionGroupType = wrapper.xcdatamodel;
		};
/* End XCVersionGroup section */
	};
	rootObject = 5A3E9C301B687C8E007244AA /* Project object */;
}
